// !$*UTF8*$!
{
	archiveVersion = 1;
	classes = {
	};
	objectVersion = 46;
	objects = {

/* Begin PBXBuildFile section */
		2A4E28F41F6F588A00F208BF /* main.m in Sources */ = {isa = PBXBuildFile; fileRef = 2A4E28F31F6F588A00F208BF /* main.m */; };
		2A4E28F71F6F588A00F208BF /* AppDelegate.m in Sources */ = {isa = PBXBuildFile; fileRef = 2A4E28F61F6F588A00F208BF /* AppDelegate.m */; };
		2A4E28FA1F6F588A00F208BF /* ViewController.m in Sources */ = {isa = PBXBuildFile; fileRef = 2A4E28F91F6F588A00F208BF /* ViewController.m */; };
		2A4E28FD1F6F588A00F208BF /* Main.storyboard in Resources */ = {isa = PBXBuildFile; fileRef = 2A4E28FB1F6F588A00F208BF /* Main.storyboard */; };
		2A4E28FF1F6F588A00F208BF /* Assets.xcassets in Resources */ = {isa = PBXBuildFile; fileRef = 2A4E28FE1F6F588A00F208BF /* Assets.xcassets */; };
		2A4E29021F6F588A00F208BF /* LaunchScreen.storyboard in Resources */ = {isa = PBXBuildFile; fileRef = 2A4E29001F6F588A00F208BF /* LaunchScreen.storyboard */; };
		2A4E290B1F6F5F9800F208BF /* BGCCNetWorkManager.m in Sources */ = {isa = PBXBuildFile; fileRef = 2A4E290A1F6F5F9800F208BF /* BGCCNetWorkManager.m */; };
		2A4E29131F6F62B700F208BF /* UIColor+Theme.m in Sources */ = {isa = PBXBuildFile; fileRef = 2A4E29101F6F62B700F208BF /* UIColor+Theme.m */; };
		2A4E29141F6F62B700F208BF /* UIView+Additions.m in Sources */ = {isa = PBXBuildFile; fileRef = 2A4E29121F6F62B700F208BF /* UIView+Additions.m */; };
		2A4E29171F6F65E900F208BF /* SuperManager.m in Sources */ = {isa = PBXBuildFile; fileRef = 2A4E29161F6F65E900F208BF /* SuperManager.m */; };
		2A4E291A1F6F6C4100F208BF /* SuperViewController.m in Sources */ = {isa = PBXBuildFile; fileRef = 2A4E29191F6F6C4100F208BF /* SuperViewController.m */; };
		2A4E291D1F6F6C6000F208BF /* HomeViewController.m in Sources */ = {isa = PBXBuildFile; fileRef = 2A4E291C1F6F6C6000F208BF /* HomeViewController.m */; };
		2A4E29241F6F6D8100F208BF /* MBProgressHUD+NJ.m in Sources */ = {isa = PBXBuildFile; fileRef = 2A4E29201F6F6D8100F208BF /* MBProgressHUD+NJ.m */; };
		2A4E29251F6F6D8100F208BF /* MBProgressHUD.bundle in Resources */ = {isa = PBXBuildFile; fileRef = 2A4E29211F6F6D8100F208BF /* MBProgressHUD.bundle */; };
		2A4E29261F6F6D8100F208BF /* MBProgressHUD.m in Sources */ = {isa = PBXBuildFile; fileRef = 2A4E29231F6F6D8100F208BF /* MBProgressHUD.m */; };
		2A4E29291F6F7ABF00F208BF /* SuperModel.m in Sources */ = {isa = PBXBuildFile; fileRef = 2A4E29281F6F7ABF00F208BF /* SuperModel.m */; };
		2A4E292C1F6F7ADC00F208BF /* PackageModel.m in Sources */ = {isa = PBXBuildFile; fileRef = 2A4E292B1F6F7ADC00F208BF /* PackageModel.m */; };
		2A4E292F1F6F91A000F208BF /* PathViewController.m in Sources */ = {isa = PBXBuildFile; fileRef = 2A4E292E1F6F91A000F208BF /* PathViewController.m */; };
		3FD2AC8B02341FD9E8DC7F8A /* libPods-Baoguochacha.a in Frameworks */ = {isa = PBXBuildFile; fileRef = B0ABFCC7C4D8D6387DAB4C29 /* libPods-Baoguochacha.a */; };
/* End PBXBuildFile section */

/* Begin PBXFileReference section */
		2A4E28EF1F6F588A00F208BF /* Baoguochacha.app */ = {isa = PBXFileReference; explicitFileType = wrapper.application; includeInIndex = 0; path = Baoguochacha.app; sourceTree = BUILT_PRODUCTS_DIR; };
		2A4E28F31F6F588A00F208BF /* main.m */ = {isa = PBXFileReference; lastKnownFileType = sourcecode.c.objc; path = main.m; sourceTree = "<group>"; };
		2A4E28F51F6F588A00F208BF /* AppDelegate.h */ = {isa = PBXFileReference; lastKnownFileType = sourcecode.c.h; path = AppDelegate.h; sourceTree = "<group>"; };
		2A4E28F61F6F588A00F208BF /* AppDelegate.m */ = {isa = PBXFileReference; lastKnownFileType = sourcecode.c.objc; path = AppDelegate.m; sourceTree = "<group>"; };
		2A4E28F81F6F588A00F208BF /* ViewController.h */ = {isa = PBXFileReference; lastKnownFileType = sourcecode.c.h; path = ViewController.h; sourceTree = "<group>"; };
		2A4E28F91F6F588A00F208BF /* ViewController.m */ = {isa = PBXFileReference; lastKnownFileType = sourcecode.c.objc; path = ViewController.m; sourceTree = "<group>"; };
		2A4E28FC1F6F588A00F208BF /* Base */ = {isa = PBXFileReference; lastKnownFileType = file.storyboard; name = Base; path = Base.lproj/Main.storyboard; sourceTree = "<group>"; };
		2A4E28FE1F6F588A00F208BF /* Assets.xcassets */ = {isa = PBXFileReference; lastKnownFileType = folder.assetcatalog; path = Assets.xcassets; sourceTree = "<group>"; };
		2A4E29011F6F588A00F208BF /* Base */ = {isa = PBXFileReference; lastKnownFileType = file.storyboard; name = Base; path = Base.lproj/LaunchScreen.storyboard; sourceTree = "<group>"; };
		2A4E29031F6F588A00F208BF /* Info.plist */ = {isa = PBXFileReference; lastKnownFileType = text.plist.xml; path = Info.plist; sourceTree = "<group>"; };
		2A4E29091F6F5F9800F208BF /* BGCCNetWorkManager.h */ = {isa = PBXFileReference; fileEncoding = 4; lastKnownFileType = sourcecode.c.h; path = BGCCNetWorkManager.h; sourceTree = "<group>"; };
		2A4E290A1F6F5F9800F208BF /* BGCCNetWorkManager.m */ = {isa = PBXFileReference; fileEncoding = 4; lastKnownFileType = sourcecode.c.objc; path = BGCCNetWorkManager.m; sourceTree = "<group>"; };
		2A4E290C1F6F61D700F208BF /* Common.h */ = {isa = PBXFileReference; lastKnownFileType = sourcecode.c.h; path = Common.h; sourceTree = "<group>"; };
		2A4E290D1F6F620200F208BF /* PrefixHeader.pch */ = {isa = PBXFileReference; lastKnownFileType = sourcecode.c.h; path = PrefixHeader.pch; sourceTree = "<group>"; };
		2A4E290F1F6F62B700F208BF /* UIColor+Theme.h */ = {isa = PBXFileReference; fileEncoding = 4; lastKnownFileType = sourcecode.c.h; path = "UIColor+Theme.h"; sourceTree = "<group>"; };
		2A4E29101F6F62B700F208BF /* UIColor+Theme.m */ = {isa = PBXFileReference; fileEncoding = 4; lastKnownFileType = sourcecode.c.objc; path = "UIColor+Theme.m"; sourceTree = "<group>"; };
		2A4E29111F6F62B700F208BF /* UIView+Additions.h */ = {isa = PBXFileReference; fileEncoding = 4; lastKnownFileType = sourcecode.c.h; path = "UIView+Additions.h"; sourceTree = "<group>"; };
		2A4E29121F6F62B700F208BF /* UIView+Additions.m */ = {isa = PBXFileReference; fileEncoding = 4; lastKnownFileType = sourcecode.c.objc; path = "UIView+Additions.m"; sourceTree = "<group>"; };
		2A4E29151F6F65E900F208BF /* SuperManager.h */ = {isa = PBXFileReference; fileEncoding = 4; lastKnownFileType = sourcecode.c.h; path = SuperManager.h; sourceTree = "<group>"; };
		2A4E29161F6F65E900F208BF /* SuperManager.m */ = {isa = PBXFileReference; fileEncoding = 4; lastKnownFileType = sourcecode.c.objc; path = SuperManager.m; sourceTree = "<group>"; };
		2A4E29181F6F6C4100F208BF /* SuperViewController.h */ = {isa = PBXFileReference; fileEncoding = 4; lastKnownFileType = sourcecode.c.h; path = SuperViewController.h; sourceTree = "<group>"; };
		2A4E29191F6F6C4100F208BF /* SuperViewController.m */ = {isa = PBXFileReference; fileEncoding = 4; lastKnownFileType = sourcecode.c.objc; path = SuperViewController.m; sourceTree = "<group>"; };
		2A4E291B1F6F6C6000F208BF /* HomeViewController.h */ = {isa = PBXFileReference; fileEncoding = 4; lastKnownFileType = sourcecode.c.h; path = HomeViewController.h; sourceTree = "<group>"; };
		2A4E291C1F6F6C6000F208BF /* HomeViewController.m */ = {isa = PBXFileReference; fileEncoding = 4; lastKnownFileType = sourcecode.c.objc; path = HomeViewController.m; sourceTree = "<group>"; };
		2A4E291F1F6F6D8100F208BF /* MBProgressHUD+NJ.h */ = {isa = PBXFileReference; fileEncoding = 4; lastKnownFileType = sourcecode.c.h; path = "MBProgressHUD+NJ.h"; sourceTree = "<group>"; };
		2A4E29201F6F6D8100F208BF /* MBProgressHUD+NJ.m */ = {isa = PBXFileReference; fileEncoding = 4; lastKnownFileType = sourcecode.c.objc; path = "MBProgressHUD+NJ.m"; sourceTree = "<group>"; };
		2A4E29211F6F6D8100F208BF /* MBProgressHUD.bundle */ = {isa = PBXFileReference; lastKnownFileType = "wrapper.plug-in"; path = MBProgressHUD.bundle; sourceTree = "<group>"; };
		2A4E29221F6F6D8100F208BF /* MBProgressHUD.h */ = {isa = PBXFileReference; fileEncoding = 4; lastKnownFileType = sourcecode.c.h; path = MBProgressHUD.h; sourceTree = "<group>"; };
		2A4E29231F6F6D8100F208BF /* MBProgressHUD.m */ = {isa = PBXFileReference; fileEncoding = 4; lastKnownFileType = sourcecode.c.objc; path = MBProgressHUD.m; sourceTree = "<group>"; };
		2A4E29271F6F7ABF00F208BF /* SuperModel.h */ = {isa = PBXFileReference; fileEncoding = 4; lastKnownFileType = sourcecode.c.h; path = SuperModel.h; sourceTree = "<group>"; };
		2A4E29281F6F7ABF00F208BF /* SuperModel.m */ = {isa = PBXFileReference; fileEncoding = 4; lastKnownFileType = sourcecode.c.objc; path = SuperModel.m; sourceTree = "<group>"; };
		2A4E292A1F6F7ADC00F208BF /* PackageModel.h */ = {isa = PBXFileReference; fileEncoding = 4; lastKnownFileType = sourcecode.c.h; path = PackageModel.h; sourceTree = "<group>"; };
		2A4E292B1F6F7ADC00F208BF /* PackageModel.m */ = {isa = PBXFileReference; fileEncoding = 4; lastKnownFileType = sourcecode.c.objc; path = PackageModel.m; sourceTree = "<group>"; };
		2A4E292D1F6F91A000F208BF /* PathViewController.h */ = {isa = PBXFileReference; fileEncoding = 4; lastKnownFileType = sourcecode.c.h; path = PathViewController.h; sourceTree = "<group>"; };
		2A4E292E1F6F91A000F208BF /* PathViewController.m */ = {isa = PBXFileReference; fileEncoding = 4; lastKnownFileType = sourcecode.c.objc; path = PathViewController.m; sourceTree = "<group>"; };
		9AE767E23395DD99896C4346 /* Pods-Baoguochacha.release.xcconfig */ = {isa = PBXFileReference; includeInIndex = 1; lastKnownFileType = text.xcconfig; name = "Pods-Baoguochacha.release.xcconfig"; path = "Pods/Target Support Files/Pods-Baoguochacha/Pods-Baoguochacha.release.xcconfig"; sourceTree = "<group>"; };
		B0ABFCC7C4D8D6387DAB4C29 /* libPods-Baoguochacha.a */ = {isa = PBXFileReference; explicitFileType = archive.ar; includeInIndex = 0; path = "libPods-Baoguochacha.a"; sourceTree = BUILT_PRODUCTS_DIR; };
		D1717CEF6079F8A50FA9ADCE /* Pods-Baoguochacha.debug.xcconfig */ = {isa = PBXFileReference; includeInIndex = 1; lastKnownFileType = text.xcconfig; name = "Pods-Baoguochacha.debug.xcconfig"; path = "Pods/Target Support Files/Pods-Baoguochacha/Pods-Baoguochacha.debug.xcconfig"; sourceTree = "<group>"; };
/* End PBXFileReference section */

/* Begin PBXFrameworksBuildPhase section */
		2A4E28EC1F6F588A00F208BF /* Frameworks */ = {
			isa = PBXFrameworksBuildPhase;
			buildActionMask = 2147483647;
			files = (
				3FD2AC8B02341FD9E8DC7F8A /* libPods-Baoguochacha.a in Frameworks */,
			);
			runOnlyForDeploymentPostprocessing = 0;
		};
/* End PBXFrameworksBuildPhase section */

/* Begin PBXGroup section */
		279F3908E19C15BB09A77C6F /* Frameworks */ = {
			isa = PBXGroup;
			children = (
				B0ABFCC7C4D8D6387DAB4C29 /* libPods-Baoguochacha.a */,
			);
			name = Frameworks;
			sourceTree = "<group>";
		};
		2A4E28E61F6F588A00F208BF = {
			isa = PBXGroup;
			children = (
				2A4E28F11F6F588A00F208BF /* Baoguochacha */,
				2A4E28F01F6F588A00F208BF /* Products */,
				915254E9A28BEB7B34107DC2 /* Pods */,
				279F3908E19C15BB09A77C6F /* Frameworks */,
			);
			sourceTree = "<group>";
		};
		2A4E28F01F6F588A00F208BF /* Products */ = {
			isa = PBXGroup;
			children = (
				2A4E28EF1F6F588A00F208BF /* Baoguochacha.app */,
			);
			name = Products;
			sourceTree = "<group>";
		};
		2A4E28F11F6F588A00F208BF /* Baoguochacha */ = {
			isa = PBXGroup;
			children = (
				2A4E290E1F6F62B700F208BF /* Third */,
				2A4E28F51F6F588A00F208BF /* AppDelegate.h */,
				2A4E28F61F6F588A00F208BF /* AppDelegate.m */,
				2A4E28F81F6F588A00F208BF /* ViewController.h */,
				2A4E28F91F6F588A00F208BF /* ViewController.m */,
				2A4E291B1F6F6C6000F208BF /* HomeViewController.h */,
				2A4E291C1F6F6C6000F208BF /* HomeViewController.m */,
				2A4E292D1F6F91A000F208BF /* PathViewController.h */,
				2A4E292E1F6F91A000F208BF /* PathViewController.m */,
				2A4E292A1F6F7ADC00F208BF /* PackageModel.h */,
				2A4E292B1F6F7ADC00F208BF /* PackageModel.m */,
				2A4E290C1F6F61D700F208BF /* Common.h */,
				2A4E290D1F6F620200F208BF /* PrefixHeader.pch */,
				2A4E29151F6F65E900F208BF /* SuperManager.h */,
				2A4E29161F6F65E900F208BF /* SuperManager.m */,
				2A4E29271F6F7ABF00F208BF /* SuperModel.h */,
				2A4E29281F6F7ABF00F208BF /* SuperModel.m */,
				2A4E29181F6F6C4100F208BF /* SuperViewController.h */,
				2A4E29191F6F6C4100F208BF /* SuperViewController.m */,
				2A4E29091F6F5F9800F208BF /* BGCCNetWorkManager.h */,
				2A4E290A1F6F5F9800F208BF /* BGCCNetWorkManager.m */,
				2A4E28FB1F6F588A00F208BF /* Main.storyboard */,
				2A4E28FE1F6F588A00F208BF /* Assets.xcassets */,
				2A4E29001F6F588A00F208BF /* LaunchScreen.storyboard */,
				2A4E29031F6F588A00F208BF /* Info.plist */,
				2A4E28F21F6F588A00F208BF /* Supporting Files */,
			);
			path = Baoguochacha;
			sourceTree = "<group>";
		};
		2A4E28F21F6F588A00F208BF /* Supporting Files */ = {
			isa = PBXGroup;
			children = (
				2A4E28F31F6F588A00F208BF /* main.m */,
			);
			name = "Supporting Files";
			sourceTree = "<group>";
		};
		2A4E290E1F6F62B700F208BF /* Third */ = {
			isa = PBXGroup;
			children = (
				2A4E291E1F6F6D8100F208BF /* MBProgressHUD */,
				2A4E290F1F6F62B700F208BF /* UIColor+Theme.h */,
				2A4E29101F6F62B700F208BF /* UIColor+Theme.m */,
				2A4E29111F6F62B700F208BF /* UIView+Additions.h */,
				2A4E29121F6F62B700F208BF /* UIView+Additions.m */,
			);
			path = Third;
			sourceTree = "<group>";
		};
		2A4E291E1F6F6D8100F208BF /* MBProgressHUD */ = {
			isa = PBXGroup;
			children = (
				2A4E291F1F6F6D8100F208BF /* MBProgressHUD+NJ.h */,
				2A4E29201F6F6D8100F208BF /* MBProgressHUD+NJ.m */,
				2A4E29211F6F6D8100F208BF /* MBProgressHUD.bundle */,
				2A4E29221F6F6D8100F208BF /* MBProgressHUD.h */,
				2A4E29231F6F6D8100F208BF /* MBProgressHUD.m */,
			);
			path = MBProgressHUD;
			sourceTree = "<group>";
		};
		915254E9A28BEB7B34107DC2 /* Pods */ = {
			isa = PBXGroup;
			children = (
				D1717CEF6079F8A50FA9ADCE /* Pods-Baoguochacha.debug.xcconfig */,
				9AE767E23395DD99896C4346 /* Pods-Baoguochacha.release.xcconfig */,
			);
			name = Pods;
			sourceTree = "<group>";
		};
/* End PBXGroup section */

/* Begin PBXNativeTarget section */
		2A4E28EE1F6F588A00F208BF /* Baoguochacha */ = {
			isa = PBXNativeTarget;
			buildConfigurationList = 2A4E29061F6F588A00F208BF /* Build configuration list for PBXNativeTarget "Baoguochacha" */;
			buildPhases = (
				DAC3D5A4D618DDB44157EC5D /* [CP] Check Pods Manifest.lock */,
				2A4E28EB1F6F588A00F208BF /* Sources */,
				2A4E28EC1F6F588A00F208BF /* Frameworks */,
				2A4E28ED1F6F588A00F208BF /* Resources */,
				3A1C8F916FD5EC720CE7483F /* [CP] Embed Pods Frameworks */,
				94F3996B274C85EE9E56CF31 /* [CP] Copy Pods Resources */,
			);
			buildRules = (
			);
			dependencies = (
			);
			name = Baoguochacha;
			productName = Baoguochacha;
			productReference = 2A4E28EF1F6F588A00F208BF /* Baoguochacha.app */;
			productType = "com.apple.product-type.application";
		};
/* End PBXNativeTarget section */

/* Begin PBXProject section */
		2A4E28E71F6F588A00F208BF /* Project object */ = {
			isa = PBXProject;
			attributes = {
				LastUpgradeCheck = 0830;
				ORGANIZATIONNAME = tiny;
				TargetAttributes = {
					2A4E28EE1F6F588A00F208BF = {
						CreatedOnToolsVersion = 8.3.3;
						ProvisioningStyle = Automatic;
					};
				};
			};
			buildConfigurationList = 2A4E28EA1F6F588A00F208BF /* Build configuration list for PBXProject "Baoguochacha" */;
			compatibilityVersion = "Xcode 3.2";
			developmentRegion = English;
			hasScannedForEncodings = 0;
			knownRegions = (
				en,
				Base,
			);
			mainGroup = 2A4E28E61F6F588A00F208BF;
			productRefGroup = 2A4E28F01F6F588A00F208BF /* Products */;
			projectDirPath = "";
			projectRoot = "";
			targets = (
				2A4E28EE1F6F588A00F208BF /* Baoguochacha */,
			);
		};
/* End PBXProject section */

/* Begin PBXResourcesBuildPhase section */
		2A4E28ED1F6F588A00F208BF /* Resources */ = {
			isa = PBXResourcesBuildPhase;
			buildActionMask = 2147483647;
			files = (
				2A4E29021F6F588A00F208BF /* LaunchScreen.storyboard in Resources */,
				2A4E29251F6F6D8100F208BF /* MBProgressHUD.bundle in Resources */,
				2A4E28FF1F6F588A00F208BF /* Assets.xcassets in Resources */,
				2A4E28FD1F6F588A00F208BF /* Main.storyboard in Resources */,
			);
			runOnlyForDeploymentPostprocessing = 0;
		};
/* End PBXResourcesBuildPhase section */

/* Begin PBXShellScriptBuildPhase section */
		3A1C8F916FD5EC720CE7483F /* [CP] Embed Pods Frameworks */ = {
			isa = PBXShellScriptBuildPhase;
			buildActionMask = 2147483647;
			files = (
			);
			inputPaths = (
			);
			name = "[CP] Embed Pods Frameworks";
			outputPaths = (
			);
			runOnlyForDeploymentPostprocessing = 0;
			shellPath = /bin/sh;
			shellScript = "\"${SRCROOT}/Pods/Target Support Files/Pods-Baoguochacha/Pods-Baoguochacha-frameworks.sh\"\n";
			showEnvVarsInLog = 0;
		};
		94F3996B274C85EE9E56CF31 /* [CP] Copy Pods Resources */ = {
			isa = PBXShellScriptBuildPhase;
			buildActionMask = 2147483647;
			files = (
			);
			inputPaths = (
			);
			name = "[CP] Copy Pods Resources";
			outputPaths = (
			);
			runOnlyForDeploymentPostprocessing = 0;
			shellPath = /bin/sh;
			shellScript = "\"${SRCROOT}/Pods/Target Support Files/Pods-Baoguochacha/Pods-Baoguochacha-resources.sh\"\n";
			showEnvVarsInLog = 0;
		};
		DAC3D5A4D618DDB44157EC5D /* [CP] Check Pods Manifest.lock */ = {
			isa = PBXShellScriptBuildPhase;
			buildActionMask = 2147483647;
			files = (
			);
			inputPaths = (
				"${PODS_PODFILE_DIR_PATH}/Podfile.lock",
				"${PODS_ROOT}/Manifest.lock",
			);
			name = "[CP] Check Pods Manifest.lock";
			outputPaths = (
				"$(DERIVED_FILE_DIR)/Pods-Baoguochacha-checkManifestLockResult.txt",
			);
			runOnlyForDeploymentPostprocessing = 0;
			shellPath = /bin/sh;
			shellScript = "diff \"${PODS_PODFILE_DIR_PATH}/Podfile.lock\" \"${PODS_ROOT}/Manifest.lock\" > /dev/null\nif [ $? != 0 ] ; then\n    # print error to STDERR\n    echo \"error: The sandbox is not in sync with the Podfile.lock. Run 'pod install' or update your CocoaPods installation.\" >&2\n    exit 1\nfi\n# This output is used by Xcode 'outputs' to avoid re-running this script phase.\necho \"SUCCESS\" > \"${SCRIPT_OUTPUT_FILE_0}\"\n";
			showEnvVarsInLog = 0;
		};
/* End PBXShellScriptBuildPhase section */

/* Begin PBXSourcesBuildPhase section */
		2A4E28EB1F6F588A00F208BF /* Sources */ = {
			isa = PBXSourcesBuildPhase;
			buildActionMask = 2147483647;
			files = (
				2A4E29171F6F65E900F208BF /* SuperManager.m in Sources */,
				2A4E29241F6F6D8100F208BF /* MBProgressHUD+NJ.m in Sources */,
				2A4E29141F6F62B700F208BF /* UIView+Additions.m in Sources */,
				2A4E29291F6F7ABF00F208BF /* SuperModel.m in Sources */,
				2A4E292C1F6F7ADC00F208BF /* PackageModel.m in Sources */,
				2A4E292F1F6F91A000F208BF /* PathViewController.m in Sources */,
				2A4E28FA1F6F588A00F208BF /* ViewController.m in Sources */,
				2A4E29261F6F6D8100F208BF /* MBProgressHUD.m in Sources */,
				2A4E29131F6F62B700F208BF /* UIColor+Theme.m in Sources */,
				2A4E28F71F6F588A00F208BF /* AppDelegate.m in Sources */,
				2A4E291D1F6F6C6000F208BF /* HomeViewController.m in Sources */,
				2A4E28F41F6F588A00F208BF /* main.m in Sources */,
				2A4E291A1F6F6C4100F208BF /* SuperViewController.m in Sources */,
				2A4E290B1F6F5F9800F208BF /* BGCCNetWorkManager.m in Sources */,
			);
			runOnlyForDeploymentPostprocessing = 0;
		};
/* End PBXSourcesBuildPhase section */

/* Begin PBXVariantGroup section */
		2A4E28FB1F6F588A00F208BF /* Main.storyboard */ = {
			isa = PBXVariantGroup;
			children = (
				2A4E28FC1F6F588A00F208BF /* Base */,
			);
			name = Main.storyboard;
			sourceTree = "<group>";
		};
		2A4E29001F6F588A00F208BF /* LaunchScreen.storyboard */ = {
			isa = PBXVariantGroup;
			children = (
				2A4E29011F6F588A00F208BF /* Base */,
			);
			name = LaunchScreen.storyboard;
			sourceTree = "<group>";
		};
/* End PBXVariantGroup section */

/* Begin XCBuildConfiguration section */
		2A4E29041F6F588A00F208BF /* Debug */ = {
			isa = XCBuildConfiguration;
			buildSettings = {
				ALWAYS_SEARCH_USER_PATHS = NO;
				CLANG_ANALYZER_NONNULL = YES;
				CLANG_ANALYZER_NUMBER_OBJECT_CONVERSION = YES_AGGRESSIVE;
				CLANG_CXX_LANGUAGE_STANDARD = "gnu++0x";
				CLANG_CXX_LIBRARY = "libc++";
				CLANG_ENABLE_MODULES = YES;
				CLANG_ENABLE_OBJC_ARC = YES;
				CLANG_WARN_BOOL_CONVERSION = YES;
				CLANG_WARN_CONSTANT_CONVERSION = YES;
				CLANG_WARN_DIRECT_OBJC_ISA_USAGE = YES_ERROR;
				CLANG_WARN_DOCUMENTATION_COMMENTS = YES;
				CLANG_WARN_EMPTY_BODY = YES;
				CLANG_WARN_ENUM_CONVERSION = YES;
				CLANG_WARN_INFINITE_RECURSION = YES;
				CLANG_WARN_INT_CONVERSION = YES;
				CLANG_WARN_OBJC_ROOT_CLASS = YES_ERROR;
				CLANG_WARN_SUSPICIOUS_MOVE = YES;
				CLANG_WARN_UNREACHABLE_CODE = YES;
				CLANG_WARN__DUPLICATE_METHOD_MATCH = YES;
				"CODE_SIGN_IDENTITY[sdk=iphoneos*]" = "iPhone Developer";
				COPY_PHASE_STRIP = NO;
				DEBUG_INFORMATION_FORMAT = dwarf;
				ENABLE_STRICT_OBJC_MSGSEND = YES;
				ENABLE_TESTABILITY = YES;
				GCC_C_LANGUAGE_STANDARD = gnu99;
				GCC_DYNAMIC_NO_PIC = NO;
				GCC_NO_COMMON_BLOCKS = YES;
				GCC_OPTIMIZATION_LEVEL = 0;
				GCC_PREPROCESSOR_DEFINITIONS = (
					"DEBUG=1",
					"$(inherited)",
				);
				GCC_WARN_64_TO_32_BIT_CONVERSION = YES;
				GCC_WARN_ABOUT_RETURN_TYPE = YES_ERROR;
				GCC_WARN_UNDECLARED_SELECTOR = YES;
				GCC_WARN_UNINITIALIZED_AUTOS = YES_AGGRESSIVE;
				GCC_WARN_UNUSED_FUNCTION = YES;
				GCC_WARN_UNUSED_VARIABLE = YES;
				IPHONEOS_DEPLOYMENT_TARGET = 10.3;
				MTL_ENABLE_DEBUG_INFO = YES;
				ONLY_ACTIVE_ARCH = YES;
				SDKROOT = iphoneos;
				TARGETED_DEVICE_FAMILY = "1,2";
			};
			name = Debug;
		};
		2A4E29051F6F588A00F208BF /* Release */ = {
			isa = XCBuildConfiguration;
			buildSettings = {
				ALWAYS_SEARCH_USER_PATHS = NO;
				CLANG_ANALYZER_NONNULL = YES;
				CLANG_ANALYZER_NUMBER_OBJECT_CONVERSION = YES_AGGRESSIVE;
				CLANG_CXX_LANGUAGE_STANDARD = "gnu++0x";
				CLANG_CXX_LIBRARY = "libc++";
				CLANG_ENABLE_MODULES = YES;
				CLANG_ENABLE_OBJC_ARC = YES;
				CLANG_WARN_BOOL_CONVERSION = YES;
				CLANG_WARN_CONSTANT_CONVERSION = YES;
				CLANG_WARN_DIRECT_OBJC_ISA_USAGE = YES_ERROR;
				CLANG_WARN_DOCUMENTATION_COMMENTS = YES;
				CLANG_WARN_EMPTY_BODY = YES;
				CLANG_WARN_ENUM_CONVERSION = YES;
				CLANG_WARN_INFINITE_RECURSION = YES;
				CLANG_WARN_INT_CONVERSION = YES;
				CLANG_WARN_OBJC_ROOT_CLASS = YES_ERROR;
				CLANG_WARN_SUSPICIOUS_MOVE = YES;
				CLANG_WARN_UNREACHABLE_CODE = YES;
				CLANG_WARN__DUPLICATE_METHOD_MATCH = YES;
				"CODE_SIGN_IDENTITY[sdk=iphoneos*]" = "iPhone Developer";
				COPY_PHASE_STRIP = NO;
				DEBUG_INFORMATION_FORMAT = "dwarf-with-dsym";
				ENABLE_NS_ASSERTIONS = NO;
				ENABLE_STRICT_OBJC_MSGSEND = YES;
				GCC_C_LANGUAGE_STANDARD = gnu99;
				GCC_NO_COMMON_BLOCKS = YES;
				GCC_WARN_64_TO_32_BIT_CONVERSION = YES;
				GCC_WARN_ABOUT_RETURN_TYPE = YES_ERROR;
				GCC_WARN_UNDECLARED_SELECTOR = YES;
				GCC_WARN_UNINITIALIZED_AUTOS = YES_AGGRESSIVE;
				GCC_WARN_UNUSED_FUNCTION = YES;
				GCC_WARN_UNUSED_VARIABLE = YES;
				IPHONEOS_DEPLOYMENT_TARGET = 10.3;
				MTL_ENABLE_DEBUG_INFO = NO;
				SDKROOT = iphoneos;
				TARGETED_DEVICE_FAMILY = "1,2";
				VALIDATE_PRODUCT = YES;
			};
			name = Release;
		};
		2A4E29071F6F588A00F208BF /* Debug */ = {
			isa = XCBuildConfiguration;
			baseConfigurationReference = D1717CEF6079F8A50FA9ADCE /* Pods-Baoguochacha.debug.xcconfig */;
			buildSettings = {
				ASSETCATALOG_COMPILER_APPICON_NAME = AppIcon;
				GCC_PRECOMPILE_PREFIX_HEADER = YES;
				GCC_PREFIX_HEADER = Baoguochacha/PrefixHeader.pch;
				INFOPLIST_FILE = Baoguochacha/Info.plist;
				LD_RUNPATH_SEARCH_PATHS = "$(inherited) @executable_path/Frameworks";
				PRODUCT_BUNDLE_IDENTIFIER = tiny.Baoguochacha;
				PRODUCT_NAME = "$(TARGET_NAME)";
			};
			name = Debug;
		};
		2A4E29081F6F588A00F208BF /* Release */ = {
			isa = XCBuildConfiguration;
			baseConfigurationReference = 9AE767E23395DD99896C4346 /* Pods-Baoguochacha.release.xcconfig */;
			buildSettings = {
				ASSETCATALOG_COMPILER_APPICON_NAME = AppIcon;
				GCC_PRECOMPILE_PREFIX_HEADER = YES;
				GCC_PREFIX_HEADER = Baoguochacha/PrefixHeader.pch;
				INFOPLIST_FILE = Baoguochacha/Info.plist;
				LD_RUNPATH_SEARCH_PATHS = "$(inherited) @executable_path/Frameworks";
				PRODUCT_BUNDLE_IDENTIFIER = tiny.Baoguochacha;
				PRODUCT_NAME = "$(TARGET_NAME)";
			};
			name = Release;
		};
/* End XCBuildConfiguration section */

/* Begin XCConfigurationList section */
		2A4E28EA1F6F588A00F208BF /* Build configuration list for PBXProject "Baoguochacha" */ = {
			isa = XCConfigurationList;
			buildConfigurations = (
				2A4E29041F6F588A00F208BF /* Debug */,
				2A4E29051F6F588A00F208BF /* Release */,
			);
			defaultConfigurationIsVisible = 0;
			defaultConfigurationName = Release;
		};
		2A4E29061F6F588A00F208BF /* Build configuration list for PBXNativeTarget "Baoguochacha" */ = {
			isa = XCConfigurationList;
			buildConfigurations = (
				2A4E29071F6F588A00F208BF /* Debug */,
				2A4E29081F6F588A00F208BF /* Release */,
			);
			defaultConfigurationIsVisible = 0;
			defaultConfigurationName = Release;
		};
/* End XCConfigurationList section */
	};
	rootObject = 2A4E28E71F6F588A00F208BF /* Project object */;
}
